
Microsoft Visual Studio Solution File, Format Version 12.00
# Visual Studio Version 17
VisualStudioVersion = 17.0.32014.148
MinimumVisualStudioVersion = 10.0.40219.1
Project("{9A19103F-16F7-4668-BE54-9A1E7A4F7556}") = "WebChat.Api", "WebChat.Api\WebChat.Api.csproj", "{9B7D8766-6FEF-46A7-8866-4A40EE4B1D7E}"
EndProject
Project("{9A19103F-16F7-4668-BE54-9A1E7A4F7556}") = "WebChat.Application", "WebChat.Application\WebChat.Application.csproj", "{24AE1811-52FD-45BE-AD1A-8D86067B5032}"
EndProject
Project("{9A19103F-16F7-4668-BE54-9A1E7A4F7556}") = "WebChat.Domain", "WebChat.Domain\WebChat.Domain.csproj", "{58D567C7-ACA4-4919-A277-D0D4EB0B1CF4}"
EndProject
Project("{9A19103F-16F7-4668-BE54-9A1E7A4F7556}") = "WebChat.Infra", "WebChat.Infra\WebChat.Infra.csproj", "{FCFD51EB-624F-4D08-BF50-4918BE387386}"
EndProject
Project("{9A19103F-16F7-4668-BE54-9A1E7A4F7556}") = "WebChat.Security.Domain", "WebChat.Security.Domain\WebChat.Security.Domain.csproj", "{43960821-56D3-4D9C-BB9C-C57910A45EFE}"
EndProject
Project("{9A19103F-16F7-4668-BE54-9A1E7A4F7556}") = "WebChat.Contracts", "..\webchat.contracts\WebChat.Contracts.csproj", "{5F3F4DFD-D2BF-4763-9B87-18311337A857}"
EndProject
Global
	GlobalSection(SolutionConfigurationPlatforms) = preSolution
		Debug|Any CPU = Debug|Any CPU
		Release|Any CPU = Release|Any CPU
	EndGlobalSection
	GlobalSection(ProjectConfigurationPlatforms) = postSolution
		{9B7D8766-6FEF-46A7-8866-4A40EE4B1D7E}.Debug|Any CPU.ActiveCfg = Debug|Any CPU
		{9B7D8766-6FEF-46A7-8866-4A40EE4B1D7E}.Debug|Any CPU.Build.0 = Debug|Any CPU
		{9B7D8766-6FEF-46A7-8866-4A40EE4B1D7E}.Release|Any CPU.ActiveCfg = Release|Any CPU
		{9B7D8766-6FEF-46A7-8866-4A40EE4B1D7E}.Release|Any CPU.Build.0 = Release|Any CPU
		{24AE1811-52FD-45BE-AD1A-8D86067B5032}.Debug|Any CPU.ActiveCfg = Debug|Any CPU
		{24AE1811-52FD-45BE-AD1A-8D86067B5032}.Debug|Any CPU.Build.0 = Debug|Any CPU
		{24AE1811-52FD-45BE-AD1A-8D86067B5032}.Release|Any CPU.ActiveCfg = Release|Any CPU
		{24AE1811-52FD-45BE-AD1A-8D86067B5032}.Release|Any CPU.Build.0 = Release|Any CPU
		{58D567C7-ACA4-4919-A277-D0D4EB0B1CF4}.Debug|Any CPU.ActiveCfg = Debug|Any CPU
		{58D567C7-ACA4-4919-A277-D0D4EB0B1CF4}.Debug|Any CPU.Build.0 = Debug|Any CPU
		{58D567C7-ACA4-4919-A277-D0D4EB0B1CF4}.Release|Any CPU.ActiveCfg = Release|Any CPU
		{58D567C7-ACA4-4919-A277-D0D4EB0B1CF4}.Release|Any CPU.Build.0 = Release|Any CPU
		{FCFD51EB-624F-4D08-BF50-4918BE387386}.Debug|Any CPU.ActiveCfg = Debug|Any CPU
		{FCFD51EB-624F-4D08-BF50-4918BE387386}.Debug|Any CPU.Build.0 = Debug|Any CPU
		{FCFD51EB-624F-4D08-BF50-4918BE387386}.Release|Any CPU.ActiveCfg = Release|Any CPU
		{FCFD51EB-624F-4D08-BF50-4918BE387386}.Release|Any CPU.Build.0 = Release|Any CPU
		{43960821-56D3-4D9C-BB9C-C57910A45EFE}.Debug|Any CPU.ActiveCfg = Debug|Any CPU
		{43960821-56D3-4D9C-BB9C-C57910A45EFE}.Debug|Any CPU.Build.0 = Debug|Any CPU
		{43960821-56D3-4D9C-BB9C-C57910A45EFE}.Release|Any CPU.ActiveCfg = Release|Any CPU
		{43960821-56D3-4D9C-BB9C-C57910A45EFE}.Release|Any CPU.Build.0 = Release|Any CPU
		{5F3F4DFD-D2BF-4763-9B87-18311337A857}.Debug|Any CPU.ActiveCfg = Debug|Any CPU
		{5F3F4DFD-D2BF-4763-9B87-18311337A857}.Debug|Any CPU.Build.0 = Debug|Any CPU
		{5F3F4DFD-D2BF-4763-9B87-18311337A857}.Release|Any CPU.ActiveCfg = Release|Any CPU
		{5F3F4DFD-D2BF-4763-9B87-18311337A857}.Release|Any CPU.Build.0 = Release|Any CPU
	EndGlobalSection
	GlobalSection(SolutionProperties) = preSolution
		HideSolutionNode = FALSE
	EndGlobalSection
	GlobalSection(ExtensibilityGlobals) = postSolution
		SolutionGuid = {AB81CEF9-7732-4944-BA40-084F5D0775C5}
	EndGlobalSection
EndGlobal
